
Microsoft Visual Studio Solution File, Format Version 12.00
# Visual Studio Version 17
VisualStudioVersion = 17.0.31903.59
MinimumVisualStudioVersion = 10.0.40219.1
Project("{2150E333-8FDC-42A3-9474-1A3956D46DE8}") = "src", "src", "{827E0CD3-B72D-47B6-A68D-7590B98EB39B}"
EndProject
Project("{FAE04EC0-301F-11D3-BF4B-00C04F79EFBC}") = "Evolution.Client.CSharp", "src\Evolution.Client.CSharp\Evolution.Client.CSharp.csproj", "{CC0D1387-0427-4AC0-9763-2DB0937DE69F}"
EndProject
Project("{2150E333-8FDC-42A3-9474-1A3956D46DE8}") = "tests", "tests", "{0AB3BF05-4346-4AA6-1389-037BE0695223}"
EndProject
Project("{FAE04EC0-301F-11D3-BF4B-00C04F79EFBC}") = "Evolution.Client.CSharp.Tests", "tests\Evolution.Client.CSharp.Tests\Evolution.Client.CSharp.Tests.csproj", "{DDE3FAB5-7B94-48AD-BFF6-47968B8AFB55}"
EndProject
Project("{2150E333-8FDC-42A3-9474-1A3956D46DE8}") = "samples", "samples", "{5D20AA90-6969-D8BD-9DCD-8634F4692FDA}"
EndProject
Project("{FAE04EC0-301F-11D3-BF4B-00C04F79EFBC}") = "EvolutionWebApp", "samples\WebApp\EvolutionWebApp\EvolutionWebApp.csproj", "{CC6E8912-DE71-497A-BA82-C1ACE483DC01}"
EndProject
Project("{FAE04EC0-301F-11D3-BF4B-00C04F79EFBC}") = "Evolution.Client.CSharp.IntegrationTests", "tests\Evolution.Client.CSharp.IntegrationTests\Evolution.Client.CSharp.IntegrationTests.csproj", "{826651EA-3954-8795-3C6A-ACDC17BE315E}"
EndProject
Global
	GlobalSection(SolutionConfigurationPlatforms) = preSolution
		Debug|Any CPU = Debug|Any CPU
		Debug|x64 = Debug|x64
		Debug|x86 = Debug|x86
		Release|Any CPU = Release|Any CPU
		Release|x64 = Release|x64
		Release|x86 = Release|x86
	EndGlobalSection
	GlobalSection(ProjectConfigurationPlatforms) = postSolution
		{CC0D1387-0427-4AC0-9763-2DB0937DE69F}.Debug|Any CPU.ActiveCfg = Debug|Any CPU
		{CC0D1387-0427-4AC0-9763-2DB0937DE69F}.Debug|Any CPU.Build.0 = Debug|Any CPU
		{CC0D1387-0427-4AC0-9763-2DB0937DE69F}.Debug|x64.ActiveCfg = Debug|Any CPU
		{CC0D1387-0427-4AC0-9763-2DB0937DE69F}.Debug|x64.Build.0 = Debug|Any CPU
		{CC0D1387-0427-4AC0-9763-2DB0937DE69F}.Debug|x86.ActiveCfg = Debug|Any CPU
		{CC0D1387-0427-4AC0-9763-2DB0937DE69F}.Debug|x86.Build.0 = Debug|Any CPU
		{CC0D1387-0427-4AC0-9763-2DB0937DE69F}.Release|Any CPU.ActiveCfg = Release|Any CPU
		{CC0D1387-0427-4AC0-9763-2DB0937DE69F}.Release|Any CPU.Build.0 = Release|Any CPU
		{CC0D1387-0427-4AC0-9763-2DB0937DE69F}.Release|x64.ActiveCfg = Release|Any CPU
		{CC0D1387-0427-4AC0-9763-2DB0937DE69F}.Release|x64.Build.0 = Release|Any CPU
		{CC0D1387-0427-4AC0-9763-2DB0937DE69F}.Release|x86.ActiveCfg = Release|Any CPU
		{CC0D1387-0427-4AC0-9763-2DB0937DE69F}.Release|x86.Build.0 = Release|Any CPU
		{DDE3FAB5-7B94-48AD-BFF6-47968B8AFB55}.Debug|Any CPU.ActiveCfg = Debug|Any CPU
		{DDE3FAB5-7B94-48AD-BFF6-47968B8AFB55}.Debug|Any CPU.Build.0 = Debug|Any CPU
		{DDE3FAB5-7B94-48AD-BFF6-47968B8AFB55}.Debug|x64.ActiveCfg = Debug|Any CPU
		{DDE3FAB5-7B94-48AD-BFF6-47968B8AFB55}.Debug|x64.Build.0 = Debug|Any CPU
		{DDE3FAB5-7B94-48AD-BFF6-47968B8AFB55}.Debug|x86.ActiveCfg = Debug|Any CPU
		{DDE3FAB5-7B94-48AD-BFF6-47968B8AFB55}.Debug|x86.Build.0 = Debug|Any CPU
		{DDE3FAB5-7B94-48AD-BFF6-47968B8AFB55}.Release|Any CPU.ActiveCfg = Release|Any CPU
		{DDE3FAB5-7B94-48AD-BFF6-47968B8AFB55}.Release|Any CPU.Build.0 = Release|Any CPU
		{DDE3FAB5-7B94-48AD-BFF6-47968B8AFB55}.Release|x64.ActiveCfg = Release|Any CPU
		{DDE3FAB5-7B94-48AD-BFF6-47968B8AFB55}.Release|x64.Build.0 = Release|Any CPU
		{DDE3FAB5-7B94-48AD-BFF6-47968B8AFB55}.Release|x86.ActiveCfg = Release|Any CPU
		{DDE3FAB5-7B94-48AD-BFF6-47968B8AFB55}.Release|x86.Build.0 = Release|Any CPU
		{CC6E8912-DE71-497A-BA82-C1ACE483DC01}.Debug|Any CPU.ActiveCfg = Debug|Any CPU
		{CC6E8912-DE71-497A-BA82-C1ACE483DC01}.Debug|Any CPU.Build.0 = Debug|Any CPU
		{CC6E8912-DE71-497A-BA82-C1ACE483DC01}.Debug|x64.ActiveCfg = Debug|Any CPU
		{CC6E8912-DE71-497A-BA82-C1ACE483DC01}.Debug|x64.Build.0 = Debug|Any CPU
		{CC6E8912-DE71-497A-BA82-C1ACE483DC01}.Debug|x86.ActiveCfg = Debug|Any CPU
		{CC6E8912-DE71-497A-BA82-C1ACE483DC01}.Debug|x86.Build.0 = Debug|Any CPU
		{CC6E8912-DE71-497A-BA82-C1ACE483DC01}.Release|Any CPU.ActiveCfg = Release|Any CPU
		{CC6E8912-DE71-497A-BA82-C1ACE483DC01}.Release|Any CPU.Build.0 = Release|Any CPU
		{CC6E8912-DE71-497A-BA82-C1ACE483DC01}.Release|x64.ActiveCfg = Release|Any CPU
		{CC6E8912-DE71-497A-BA82-C1ACE483DC01}.Release|x64.Build.0 = Release|Any CPU
		{CC6E8912-DE71-497A-BA82-C1ACE483DC01}.Release|x86.ActiveCfg = Release|Any CPU
		{CC6E8912-DE71-497A-BA82-C1ACE483DC01}.Release|x86.Build.0 = Release|Any CPU
		{826651EA-3954-8795-3C6A-ACDC17BE315E}.Debug|Any CPU.ActiveCfg = Debug|Any CPU
		{826651EA-3954-8795-3C6A-ACDC17BE315E}.Debug|Any CPU.Build.0 = Debug|Any CPU
		{826651EA-3954-8795-3C6A-ACDC17BE315E}.Debug|x64.ActiveCfg = Debug|Any CPU
		{826651EA-3954-8795-3C6A-ACDC17BE315E}.Debug|x64.Build.0 = Debug|Any CPU
		{826651EA-3954-8795-3C6A-ACDC17BE315E}.Debug|x86.ActiveCfg = Debug|Any CPU
		{826651EA-3954-8795-3C6A-ACDC17BE315E}.Debug|x86.Build.0 = Debug|Any CPU
		{826651EA-3954-8795-3C6A-ACDC17BE315E}.Release|Any CPU.ActiveCfg = Release|Any CPU
		{826651EA-3954-8795-3C6A-ACDC17BE315E}.Release|Any CPU.Build.0 = Release|Any CPU
		{826651EA-3954-8795-3C6A-ACDC17BE315E}.Release|x64.ActiveCfg = Release|Any CPU
		{826651EA-3954-8795-3C6A-ACDC17BE315E}.Release|x64.Build.0 = Release|Any CPU
		{826651EA-3954-8795-3C6A-ACDC17BE315E}.Release|x86.ActiveCfg = Release|Any CPU
		{826651EA-3954-8795-3C6A-ACDC17BE315E}.Release|x86.Build.0 = Release|Any CPU
	EndGlobalSection
	GlobalSection(SolutionProperties) = preSolution
		HideSolutionNode = FALSE
	EndGlobalSection
	GlobalSection(NestedProjects) = preSolution
		{CC0D1387-0427-4AC0-9763-2DB0937DE69F} = {827E0CD3-B72D-47B6-A68D-7590B98EB39B}
		{DDE3FAB5-7B94-48AD-BFF6-47968B8AFB55} = {0AB3BF05-4346-4AA6-1389-037BE0695223}
		{CC6E8912-DE71-497A-BA82-C1ACE483DC01} = {5D20AA90-6969-D8BD-9DCD-8634F4692FDA}
		{826651EA-3954-8795-3C6A-ACDC17BE315E} = {0AB3BF05-4346-4AA6-1389-037BE0695223}
	EndGlobalSection
	GlobalSection(ExtensibilityGlobals) = postSolution
		SolutionGuid = {A16DC035-91BE-4DCD-BED7-3D95002639F3}
	EndGlobalSection
EndGlobal
