
Microsoft Visual Studio Solution File, Format Version 12.00
# Visual Studio Version 17
VisualStudioVersion = 17.13.35617.110
MinimumVisualStudioVersion = 10.0.40219.1
Project("{FAE04EC0-301F-11D3-BF4B-00C04F79EFBC}") = "Evolution.Client.CSharp", "Evolution.Client.CSharp\Evolution.Client.CSharp.csproj", "{BF5BB392-0BC9-4C68-AFBB-974ACE149FB7}"
EndProject
Global
	GlobalSection(SolutionConfigurationPlatforms) = preSolution
		Debug|Any CPU = Debug|Any CPU
		Release|Any CPU = Release|Any CPU
	EndGlobalSection
	GlobalSection(ProjectConfigurationPlatforms) = postSolution
		{BF5BB392-0BC9-4C68-AFBB-974ACE149FB7}.Debug|Any CPU.ActiveCfg = Debug|Any CPU
		{BF5BB392-0BC9-4C68-AFBB-974ACE149FB7}.Debug|Any CPU.Build.0 = Debug|Any CPU
		{BF5BB392-0BC9-4C68-AFBB-974ACE149FB7}.Release|Any CPU.ActiveCfg = Release|Any CPU
		{BF5BB392-0BC9-4C68-AFBB-974ACE149FB7}.Release|Any CPU.Build.0 = Release|Any CPU
	EndGlobalSection
	GlobalSection(SolutionProperties) = preSolution
		HideSolutionNode = FALSE
	EndGlobalSection
	GlobalSection(ExtensibilityGlobals) = postSolution
		SolutionGuid = {897DDD72-7E40-48CC-A808-0B54F0DF505A}
	EndGlobalSection
EndGlobal
